
Microsoft Visual Studio Solution File, Format Version 12.00
# Visual Studio Version 17
VisualStudioVersion = 17.11.35327.3
MinimumVisualStudioVersion = 10.0.40219.1
Project("{9A19103F-16F7-4668-BE54-9A1E7A4F7556}") = "CoreDemo", "CoreDemo\CoreDemo.csproj", "{EC11F4C5-91FC-4AF4-BB44-9295314690DE}"
EndProject
Project("{FAE04EC0-301F-11D3-BF4B-00C04F79EFBC}") = "EntityLayer", "EntityLayer\EntityLayer.csproj", "{26980598-454B-4B17-A762-3322D29D4710}"
EndProject
Project("{FAE04EC0-301F-11D3-BF4B-00C04F79EFBC}") = "DataAccessLayer", "DataAccessLayer\DataAccessLayer.csproj", "{804D41C2-80AB-4C4F-9CB3-9CE8D280AD1C}"
EndProject
Project("{FAE04EC0-301F-11D3-BF4B-00C04F79EFBC}") = "BusinessLayer", "BusinessLayer\BusinessLayer.csproj", "{C792CAAD-7494-4801-8F95-6E161D7CB816}"
EndProject
Project("{FAE04EC0-301F-11D3-BF4B-00C04F79EFBC}") = "CoreLayer", "CoreLayer\CoreLayer.csproj", "{FA2B3481-EC08-47C3-B2D0-272324A52CB7}"
EndProject
Global
	GlobalSection(SolutionConfigurationPlatforms) = preSolution
		Debug|Any CPU = Debug|Any CPU
		Release|Any CPU = Release|Any CPU
	EndGlobalSection
	GlobalSection(ProjectConfigurationPlatforms) = postSolution
		{EC11F4C5-91FC-4AF4-BB44-9295314690DE}.Debug|Any CPU.ActiveCfg = Debug|Any CPU
		{EC11F4C5-91FC-4AF4-BB44-9295314690DE}.Debug|Any CPU.Build.0 = Debug|Any CPU
		{EC11F4C5-91FC-4AF4-BB44-9295314690DE}.Release|Any CPU.ActiveCfg = Release|Any CPU
		{EC11F4C5-91FC-4AF4-BB44-9295314690DE}.Release|Any CPU.Build.0 = Release|Any CPU
		{26980598-454B-4B17-A762-3322D29D4710}.Debug|Any CPU.ActiveCfg = Debug|Any CPU
		{26980598-454B-4B17-A762-3322D29D4710}.Debug|Any CPU.Build.0 = Debug|Any CPU
		{26980598-454B-4B17-A762-3322D29D4710}.Release|Any CPU.ActiveCfg = Release|Any CPU
		{26980598-454B-4B17-A762-3322D29D4710}.Release|Any CPU.Build.0 = Release|Any CPU
		{804D41C2-80AB-4C4F-9CB3-9CE8D280AD1C}.Debug|Any CPU.ActiveCfg = Debug|Any CPU
		{804D41C2-80AB-4C4F-9CB3-9CE8D280AD1C}.Debug|Any CPU.Build.0 = Debug|Any CPU
		{804D41C2-80AB-4C4F-9CB3-9CE8D280AD1C}.Release|Any CPU.ActiveCfg = Release|Any CPU
		{804D41C2-80AB-4C4F-9CB3-9CE8D280AD1C}.Release|Any CPU.Build.0 = Release|Any CPU
		{C792CAAD-7494-4801-8F95-6E161D7CB816}.Debug|Any CPU.ActiveCfg = Debug|Any CPU
		{C792CAAD-7494-4801-8F95-6E161D7CB816}.Debug|Any CPU.Build.0 = Debug|Any CPU
		{C792CAAD-7494-4801-8F95-6E161D7CB816}.Release|Any CPU.ActiveCfg = Release|Any CPU
		{C792CAAD-7494-4801-8F95-6E161D7CB816}.Release|Any CPU.Build.0 = Release|Any CPU
		{FA2B3481-EC08-47C3-B2D0-272324A52CB7}.Debug|Any CPU.ActiveCfg = Debug|Any CPU
		{FA2B3481-EC08-47C3-B2D0-272324A52CB7}.Debug|Any CPU.Build.0 = Debug|Any CPU
		{FA2B3481-EC08-47C3-B2D0-272324A52CB7}.Release|Any CPU.ActiveCfg = Release|Any CPU
		{FA2B3481-EC08-47C3-B2D0-272324A52CB7}.Release|Any CPU.Build.0 = Release|Any CPU
	EndGlobalSection
	GlobalSection(SolutionProperties) = preSolution
		HideSolutionNode = FALSE
	EndGlobalSection
	GlobalSection(ExtensibilityGlobals) = postSolution
		SolutionGuid = {D56C2866-ED78-4AE9-BA29-9D0DD06AC8D2}
	EndGlobalSection
EndGlobal
